// !$*UTF8*$!
{
	archiveVersion = 1;
	classes = {
	};
	objectVersion = 56;
	objects = {

/* Begin PBXBuildFile section */
		1604E70F2C06704D009447FA /* WithUApp.swift in Sources */ = {isa = PBXBuildFile; fileRef = 1604E70E2C06704D009447FA /* WithUApp.swift */; };
		1604E7132C06704E009447FA /* Assets.xcassets in Resources */ = {isa = PBXBuildFile; fileRef = 1604E7122C06704E009447FA /* Assets.xcassets */; };
		1604E7162C06704E009447FA /* Preview Assets.xcassets in Resources */ = {isa = PBXBuildFile; fileRef = 1604E7152C06704E009447FA /* Preview Assets.xcassets */; };
		164FEDB12C06730C00BE537A /* SignInView.swift in Sources */ = {isa = PBXBuildFile; fileRef = 164FEDB02C06730C00BE537A /* SignInView.swift */; };
		164FEDB32C06731B00BE537A /* WelcomeBackView.swift in Sources */ = {isa = PBXBuildFile; fileRef = 164FEDB22C06731B00BE537A /* WelcomeBackView.swift */; };
		164FEDB62C06733C00BE537A /* RegisterScreenNameView.swift in Sources */ = {isa = PBXBuildFile; fileRef = 164FEDB52C06733C00BE537A /* RegisterScreenNameView.swift */; };
		164FEDB82C06734C00BE537A /* RegisterScreenDateOfBirthView.swift in Sources */ = {isa = PBXBuildFile; fileRef = 164FEDB72C06734C00BE537A /* RegisterScreenDateOfBirthView.swift */; };
		164FEDBA2C0681D600BE537A /* RegisterViewModel.swift in Sources */ = {isa = PBXBuildFile; fileRef = 164FEDB92C0681D600BE537A /* RegisterViewModel.swift */; };
		164FEDC62C0692CD00BE537A /* CustomTextField.swift in Sources */ = {isa = PBXBuildFile; fileRef = 164FEDC52C0692CD00BE537A /* CustomTextField.swift */; };
		164FEDCB2C0739F900BE537A /* RegisterModel.swift in Sources */ = {isa = PBXBuildFile; fileRef = 164FEDCA2C0739F900BE537A /* RegisterModel.swift */; };
/* End PBXBuildFile section */

/* Begin PBXFileReference section */
		1604E70B2C06704D009447FA /* WithU.app */ = {isa = PBXFileReference; explicitFileType = wrapper.application; includeInIndex = 0; path = WithU.app; sourceTree = BUILT_PRODUCTS_DIR; };
		1604E70E2C06704D009447FA /* WithUApp.swift */ = {isa = PBXFileReference; lastKnownFileType = sourcecode.swift; path = WithUApp.swift; sourceTree = "<group>"; };
		1604E7122C06704E009447FA /* Assets.xcassets */ = {isa = PBXFileReference; lastKnownFileType = folder.assetcatalog; path = Assets.xcassets; sourceTree = "<group>"; };
		1604E7152C06704E009447FA /* Preview Assets.xcassets */ = {isa = PBXFileReference; lastKnownFileType = folder.assetcatalog; path = "Preview Assets.xcassets"; sourceTree = "<group>"; };
		164FEDB02C06730C00BE537A /* SignInView.swift */ = {isa = PBXFileReference; lastKnownFileType = sourcecode.swift; path = SignInView.swift; sourceTree = "<group>"; };
		164FEDB22C06731B00BE537A /* WelcomeBackView.swift */ = {isa = PBXFileReference; lastKnownFileType = sourcecode.swift; path = WelcomeBackView.swift; sourceTree = "<group>"; };
		164FEDB52C06733C00BE537A /* RegisterScreenNameView.swift */ = {isa = PBXFileReference; lastKnownFileType = sourcecode.swift; path = RegisterScreenNameView.swift; sourceTree = "<group>"; };
		164FEDB72C06734C00BE537A /* RegisterScreenDateOfBirthView.swift */ = {isa = PBXFileReference; lastKnownFileType = sourcecode.swift; path = RegisterScreenDateOfBirthView.swift; sourceTree = "<group>"; };
		164FEDB92C0681D600BE537A /* RegisterViewModel.swift */ = {isa = PBXFileReference; lastKnownFileType = sourcecode.swift; path = RegisterViewModel.swift; sourceTree = "<group>"; };
		164FEDC52C0692CD00BE537A /* CustomTextField.swift */ = {isa = PBXFileReference; lastKnownFileType = sourcecode.swift; path = CustomTextField.swift; sourceTree = "<group>"; };
		164FEDCA2C0739F900BE537A /* RegisterModel.swift */ = {isa = PBXFileReference; lastKnownFileType = sourcecode.swift; path = RegisterModel.swift; sourceTree = "<group>"; };
/* End PBXFileReference section */

/* Begin PBXFrameworksBuildPhase section */
		1604E7082C06704D009447FA /* Frameworks */ = {
			isa = PBXFrameworksBuildPhase;
			buildActionMask = 2147483647;
			files = (
			);
			runOnlyForDeploymentPostprocessing = 0;
		};
/* End PBXFrameworksBuildPhase section */

/* Begin PBXGroup section */
		1604E7022C06704D009447FA = {
			isa = PBXGroup;
			children = (
				1604E70D2C06704D009447FA /* WithU */,
				1604E70C2C06704D009447FA /* Products */,
			);
			sourceTree = "<group>";
		};
		1604E70C2C06704D009447FA /* Products */ = {
			isa = PBXGroup;
			children = (
				1604E70B2C06704D009447FA /* WithU.app */,
			);
			name = Products;
			sourceTree = "<group>";
		};
		1604E70D2C06704D009447FA /* WithU */ = {
			isa = PBXGroup;
			children = (
				1604E70E2C06704D009447FA /* WithUApp.swift */,
				1604E71D2C06724C009447FA /* Views */,
				1604E71E2C067254009447FA /* ViewModels */,
				1604E71C2C067244009447FA /* Models */,
				1604E7122C06704E009447FA /* Assets.xcassets */,
				1604E7142C06704E009447FA /* Preview Content */,
			);
			path = WithU;
			sourceTree = "<group>";
		};
		1604E7142C06704E009447FA /* Preview Content */ = {
			isa = PBXGroup;
			children = (
				1604E7152C06704E009447FA /* Preview Assets.xcassets */,
			);
			path = "Preview Content";
			sourceTree = "<group>";
		};
		1604E71C2C067244009447FA /* Models */ = {
			isa = PBXGroup;
			children = (
			);
			path = Models;
			sourceTree = "<group>";
		};
		1604E71D2C06724C009447FA /* Views */ = {
			isa = PBXGroup;
			children = (
				164FEDB42C06732900BE537A /* Register */,
				164FEDAF2C0672B200BE537A /* Auth */,
			);
			path = Views;
			sourceTree = "<group>";
		};
		1604E71E2C067254009447FA /* ViewModels */ = {
			isa = PBXGroup;
			children = (
			);
			path = ViewModels;
			sourceTree = "<group>";
		};
		164FEDAF2C0672B200BE537A /* Auth */ = {
			isa = PBXGroup;
			children = (
				164FEDB02C06730C00BE537A /* SignInView.swift */,
				164FEDB22C06731B00BE537A /* WelcomeBackView.swift */,
			);
			path = Auth;
			sourceTree = "<group>";
		};
		164FEDB42C06732900BE537A /* Register */ = {
			isa = PBXGroup;
			children = (
				164FEDC92C0739E300BE537A /* CustomElements */,
				164FEDC82C0739DA00BE537A /* ViewModel */,
				164FEDC72C0739D500BE537A /* Model */,
				164FEDB52C06733C00BE537A /* RegisterScreenNameView.swift */,
				164FEDB72C06734C00BE537A /* RegisterScreenDateOfBirthView.swift */,
			);
			path = Register;
			sourceTree = "<group>";
		};
		164FEDC72C0739D500BE537A /* Model */ = {
			isa = PBXGroup;
			children = (
				164FEDCA2C0739F900BE537A /* RegisterModel.swift */,
			);
			path = Model;
			sourceTree = "<group>";
		};
		164FEDC82C0739DA00BE537A /* ViewModel */ = {
			isa = PBXGroup;
			children = (
				164FEDB92C0681D600BE537A /* RegisterViewModel.swift */,
			);
			path = ViewModel;
			sourceTree = "<group>";
		};
		164FEDC92C0739E300BE537A /* CustomElements */ = {
			isa = PBXGroup;
			children = (
				164FEDC52C0692CD00BE537A /* CustomTextField.swift */,
			);
			path = CustomElements;
			sourceTree = "<group>";
		};
/* End PBXGroup section */

/* Begin PBXNativeTarget section */
		1604E70A2C06704D009447FA /* WithU */ = {
			isa = PBXNativeTarget;
			buildConfigurationList = 1604E7192C06704E009447FA /* Build configuration list for PBXNativeTarget "WithU" */;
			buildPhases = (
				1604E7072C06704D009447FA /* Sources */,
				1604E7082C06704D009447FA /* Frameworks */,
				1604E7092C06704D009447FA /* Resources */,
			);
			buildRules = (
			);
			dependencies = (
			);
			name = WithU;
			productName = WithU;
			productReference = 1604E70B2C06704D009447FA /* WithU.app */;
			productType = "com.apple.product-type.application";
		};
/* End PBXNativeTarget section */

/* Begin PBXProject section */
		1604E7032C06704D009447FA /* Project object */ = {
			isa = PBXProject;
			attributes = {
				BuildIndependentTargetsInParallel = 1;
				LastSwiftUpdateCheck = 1540;
				LastUpgradeCheck = 1540;
				TargetAttributes = {
					1604E70A2C06704D009447FA = {
						CreatedOnToolsVersion = 15.4;
					};
				};
			};
			buildConfigurationList = 1604E7062C06704D009447FA /* Build configuration list for PBXProject "WithU" */;
			compatibilityVersion = "Xcode 14.0";
			developmentRegion = en;
			hasScannedForEncodings = 0;
			knownRegions = (
				en,
				Base,
			);
			mainGroup = 1604E7022C06704D009447FA;
			productRefGroup = 1604E70C2C06704D009447FA /* Products */;
			projectDirPath = "";
			projectRoot = "";
			targets = (
				1604E70A2C06704D009447FA /* WithU */,
			);
		};
/* End PBXProject section */

/* Begin PBXResourcesBuildPhase section */
		1604E7092C06704D009447FA /* Resources */ = {
			isa = PBXResourcesBuildPhase;
			buildActionMask = 2147483647;
			files = (
				1604E7162C06704E009447FA /* Preview Assets.xcassets in Resources */,
				1604E7132C06704E009447FA /* Assets.xcassets in Resources */,
			);
			runOnlyForDeploymentPostprocessing = 0;
		};
/* End PBXResourcesBuildPhase section */

/* Begin PBXSourcesBuildPhase section */
		1604E7072C06704D009447FA /* Sources */ = {
			isa = PBXSourcesBuildPhase;
			buildActionMask = 2147483647;
			files = (
				164FEDC62C0692CD00BE537A /* CustomTextField.swift in Sources */,
				164FEDB82C06734C00BE537A /* RegisterScreenDateOfBirthView.swift in Sources */,
				164FEDBA2C0681D600BE537A /* RegisterViewModel.swift in Sources */,
				164FEDB62C06733C00BE537A /* RegisterScreenNameView.swift in Sources */,
				164FEDCB2C0739F900BE537A /* RegisterModel.swift in Sources */,
				164FEDB32C06731B00BE537A /* WelcomeBackView.swift in Sources */,
				164FEDB12C06730C00BE537A /* SignInView.swift in Sources */,
				1604E70F2C06704D009447FA /* WithUApp.swift in Sources */,
			);
			runOnlyForDeploymentPostprocessing = 0;
		};
/* End PBXSourcesBuildPhase section */

/* Begin XCBuildConfiguration section */
		1604E7172C06704E009447FA /* Debug */ = {
			isa = XCBuildConfiguration;
			buildSettings = {
				ALWAYS_SEARCH_USER_PATHS = NO;
				ASSETCATALOG_COMPILER_GENERATE_SWIFT_ASSET_SYMBOL_EXTENSIONS = YES;
				CLANG_ANALYZER_NONNULL = YES;
				CLANG_ANALYZER_NUMBER_OBJECT_CONVERSION = YES_AGGRESSIVE;
				CLANG_CXX_LANGUAGE_STANDARD = "gnu++20";
				CLANG_ENABLE_MODULES = YES;
				CLANG_ENABLE_OBJC_ARC = YES;
				CLANG_ENABLE_OBJC_WEAK = YES;
				CLANG_WARN_BLOCK_CAPTURE_AUTORELEASING = YES;
				CLANG_WARN_BOOL_CONVERSION = YES;
				CLANG_WARN_COMMA = YES;
				CLANG_WARN_CONSTANT_CONVERSION = YES;
				CLANG_WARN_DEPRECATED_OBJC_IMPLEMENTATIONS = YES;
				CLANG_WARN_DIRECT_OBJC_ISA_USAGE = YES_ERROR;
				CLANG_WARN_DOCUMENTATION_COMMENTS = YES;
				CLANG_WARN_EMPTY_BODY = YES;
				CLANG_WARN_ENUM_CONVERSION = YES;
				CLANG_WARN_INFINITE_RECURSION = YES;
				CLANG_WARN_INT_CONVERSION = YES;
				CLANG_WARN_NON_LITERAL_NULL_CONVERSION = YES;
				CLANG_WARN_OBJC_IMPLICIT_RETAIN_SELF = YES;
				CLANG_WARN_OBJC_LITERAL_CONVERSION = YES;
				CLANG_WARN_OBJC_ROOT_CLASS = YES_ERROR;
				CLANG_WARN_QUOTED_INCLUDE_IN_FRAMEWORK_HEADER = YES;
				CLANG_WARN_RANGE_LOOP_ANALYSIS = YES;
				CLANG_WARN_STRICT_PROTOTYPES = YES;
				CLANG_WARN_SUSPICIOUS_MOVE = YES;
				CLANG_WARN_UNGUARDED_AVAILABILITY = YES_AGGRESSIVE;
				CLANG_WARN_UNREACHABLE_CODE = YES;
				CLANG_WARN__DUPLICATE_METHOD_MATCH = YES;
				COPY_PHASE_STRIP = NO;
				DEBUG_INFORMATION_FORMAT = dwarf;
				ENABLE_STRICT_OBJC_MSGSEND = YES;
				ENABLE_TESTABILITY = YES;
				ENABLE_USER_SCRIPT_SANDBOXING = YES;
				GCC_C_LANGUAGE_STANDARD = gnu17;
				GCC_DYNAMIC_NO_PIC = NO;
				GCC_NO_COMMON_BLOCKS = YES;
				GCC_OPTIMIZATION_LEVEL = 0;
				GCC_PREPROCESSOR_DEFINITIONS = (
					"DEBUG=1",
					"$(inherited)",
				);
				GCC_WARN_64_TO_32_BIT_CONVERSION = YES;
				GCC_WARN_ABOUT_RETURN_TYPE = YES_ERROR;
				GCC_WARN_UNDECLARED_SELECTOR = YES;
				GCC_WARN_UNINITIALIZED_AUTOS = YES_AGGRESSIVE;
				GCC_WARN_UNUSED_FUNCTION = YES;
				GCC_WARN_UNUSED_VARIABLE = YES;
				IPHONEOS_DEPLOYMENT_TARGET = 17.5;
				LOCALIZATION_PREFERS_STRING_CATALOGS = YES;
				MTL_ENABLE_DEBUG_INFO = INCLUDE_SOURCE;
				MTL_FAST_MATH = YES;
				ONLY_ACTIVE_ARCH = YES;
				SDKROOT = iphoneos;
				SWIFT_ACTIVE_COMPILATION_CONDITIONS = "DEBUG $(inherited)";
				SWIFT_OPTIMIZATION_LEVEL = "-Onone";
			};
			name = Debug;
		};
		1604E7182C06704E009447FA /* Release */ = {
			isa = XCBuildConfiguration;
			buildSettings = {
				ALWAYS_SEARCH_USER_PATHS = NO;
				ASSETCATALOG_COMPILER_GENERATE_SWIFT_ASSET_SYMBOL_EXTENSIONS = YES;
				CLANG_ANALYZER_NONNULL = YES;
				CLANG_ANALYZER_NUMBER_OBJECT_CONVERSION = YES_AGGRESSIVE;
				CLANG_CXX_LANGUAGE_STANDARD = "gnu++20";
				CLANG_ENABLE_MODULES = YES;
				CLANG_ENABLE_OBJC_ARC = YES;
				CLANG_ENABLE_OBJC_WEAK = YES;
				CLANG_WARN_BLOCK_CAPTURE_AUTORELEASING = YES;
				CLANG_WARN_BOOL_CONVERSION = YES;
				CLANG_WARN_COMMA = YES;
				CLANG_WARN_CONSTANT_CONVERSION = YES;
				CLANG_WARN_DEPRECATED_OBJC_IMPLEMENTATIONS = YES;
				CLANG_WARN_DIRECT_OBJC_ISA_USAGE = YES_ERROR;
				CLANG_WARN_DOCUMENTATION_COMMENTS = YES;
				CLANG_WARN_EMPTY_BODY = YES;
				CLANG_WARN_ENUM_CONVERSION = YES;
				CLANG_WARN_INFINITE_RECURSION = YES;
				CLANG_WARN_INT_CONVERSION = YES;
				CLANG_WARN_NON_LITERAL_NULL_CONVERSION = YES;
				CLANG_WARN_OBJC_IMPLICIT_RETAIN_SELF = YES;
				CLANG_WARN_OBJC_LITERAL_CONVERSION = YES;
				CLANG_WARN_OBJC_ROOT_CLASS = YES_ERROR;
				CLANG_WARN_QUOTED_INCLUDE_IN_FRAMEWORK_HEADER = YES;
				CLANG_WARN_RANGE_LOOP_ANALYSIS = YES;
				CLANG_WARN_STRICT_PROTOTYPES = YES;
				CLANG_WARN_SUSPICIOUS_MOVE = YES;
				CLANG_WARN_UNGUARDED_AVAILABILITY = YES_AGGRESSIVE;
				CLANG_WARN_UNREACHABLE_CODE = YES;
				CLANG_WARN__DUPLICATE_METHOD_MATCH = YES;
				COPY_PHASE_STRIP = NO;
				DEBUG_INFORMATION_FORMAT = "dwarf-with-dsym";
				ENABLE_NS_ASSERTIONS = NO;
				ENABLE_STRICT_OBJC_MSGSEND = YES;
				ENABLE_USER_SCRIPT_SANDBOXING = YES;
				GCC_C_LANGUAGE_STANDARD = gnu17;
				GCC_NO_COMMON_BLOCKS = YES;
				GCC_WARN_64_TO_32_BIT_CONVERSION = YES;
				GCC_WARN_ABOUT_RETURN_TYPE = YES_ERROR;
				GCC_WARN_UNDECLARED_SELECTOR = YES;
				GCC_WARN_UNINITIALIZED_AUTOS = YES_AGGRESSIVE;
				GCC_WARN_UNUSED_FUNCTION = YES;
				GCC_WARN_UNUSED_VARIABLE = YES;
				IPHONEOS_DEPLOYMENT_TARGET = 17.5;
				LOCALIZATION_PREFERS_STRING_CATALOGS = YES;
				MTL_ENABLE_DEBUG_INFO = NO;
				MTL_FAST_MATH = YES;
				SDKROOT = iphoneos;
				SWIFT_COMPILATION_MODE = wholemodule;
				VALIDATE_PRODUCT = YES;
			};
			name = Release;
		};
		1604E71A2C06704E009447FA /* Debug */ = {
			isa = XCBuildConfiguration;
			buildSettings = {
				ASSETCATALOG_COMPILER_APPICON_NAME = AppIcon;
				ASSETCATALOG_COMPILER_GLOBAL_ACCENT_COLOR_NAME = AccentColor;
				CODE_SIGN_STYLE = Automatic;
				CURRENT_PROJECT_VERSION = 1;
				DEVELOPMENT_ASSET_PATHS = "\"WithU/Preview Content\"";
				DEVELOPMENT_TEAM = KLU4RK8QNS;
				ENABLE_PREVIEWS = YES;
				GENERATE_INFOPLIST_FILE = YES;
				INFOPLIST_KEY_UIApplicationSceneManifest_Generation = YES;
				INFOPLIST_KEY_UIApplicationSupportsIndirectInputEvents = YES;
				INFOPLIST_KEY_UILaunchScreen_Generation = YES;
				INFOPLIST_KEY_UISupportedInterfaceOrientations = UIInterfaceOrientationPortrait;
				INFOPLIST_KEY_UISupportedInterfaceOrientations_iPad = "UIInterfaceOrientationLandscapeLeft UIInterfaceOrientationLandscapeRight UIInterfaceOrientationPortrait UIInterfaceOrientationPortraitUpsideDown";
				IPHONEOS_DEPLOYMENT_TARGET = 16.0;
				LD_RUNPATH_SEARCH_PATHS = (
					"$(inherited)",
					"@executable_path/Frameworks",
				);
				MARKETING_VERSION = 1.0;
				PRODUCT_BUNDLE_IDENTIFIER = artemiithefrog.WithU;
				PRODUCT_NAME = "$(TARGET_NAME)";
				SUPPORTED_PLATFORMS = "iphoneos iphonesimulator";
				SUPPORTS_MACCATALYST = NO;
				SUPPORTS_MAC_DESIGNED_FOR_IPHONE_IPAD = NO;
				SUPPORTS_XR_DESIGNED_FOR_IPHONE_IPAD = NO;
				SWIFT_EMIT_LOC_STRINGS = YES;
				SWIFT_VERSION = 5.0;
				TARGETED_DEVICE_FAMILY = 1;
			};
			name = Debug;
		};
		1604E71B2C06704E009447FA /* Release */ = {
			isa = XCBuildConfiguration;
			buildSettings = {
				ASSETCATALOG_COMPILER_APPICON_NAME = AppIcon;
				ASSETCATALOG_COMPILER_GLOBAL_ACCENT_COLOR_NAME = AccentColor;
				CODE_SIGN_STYLE = Automatic;
				CURRENT_PROJECT_VERSION = 1;
				DEVELOPMENT_ASSET_PATHS = "\"WithU/Preview Content\"";
				DEVELOPMENT_TEAM = KLU4RK8QNS;
				ENABLE_PREVIEWS = YES;
				GENERATE_INFOPLIST_FILE = YES;
				INFOPLIST_KEY_UIApplicationSceneManifest_Generation = YES;
				INFOPLIST_KEY_UIApplicationSupportsIndirectInputEvents = YES;
				INFOPLIST_KEY_UILaunchScreen_Generation = YES;
				INFOPLIST_KEY_UISupportedInterfaceOrientations = UIInterfaceOrientationPortrait;
				INFOPLIST_KEY_UISupportedInterfaceOrientations_iPad = "UIInterfaceOrientationLandscapeLeft UIInterfaceOrientationLandscapeRight UIInterfaceOrientationPortrait UIInterfaceOrientationPortraitUpsideDown";
				IPHONEOS_DEPLOYMENT_TARGET = 16.0;
				LD_RUNPATH_SEARCH_PATHS = (
					"$(inherited)",
					"@executable_path/Frameworks",
				);
				MARKETING_VERSION = 1.0;
				PRODUCT_BUNDLE_IDENTIFIER = artemiithefrog.WithU;
				PRODUCT_NAME = "$(TARGET_NAME)";
				SUPPORTED_PLATFORMS = "iphoneos iphonesimulator";
				SUPPORTS_MACCATALYST = NO;
				SUPPORTS_MAC_DESIGNED_FOR_IPHONE_IPAD = NO;
				SUPPORTS_XR_DESIGNED_FOR_IPHONE_IPAD = NO;
				SWIFT_EMIT_LOC_STRINGS = YES;
				SWIFT_VERSION = 5.0;
				TARGETED_DEVICE_FAMILY = 1;
			};
			name = Release;
		};
/* End XCBuildConfiguration section */

/* Begin XCConfigurationList section */
		1604E7062C06704D009447FA /* Build configuration list for PBXProject "WithU" */ = {
			isa = XCConfigurationList;
			buildConfigurations = (
				1604E7172C06704E009447FA /* Debug */,
				1604E7182C06704E009447FA /* Release */,
			);
			defaultConfigurationIsVisible = 0;
			defaultConfigurationName = Release;
		};
		1604E7192C06704E009447FA /* Build configuration list for PBXNativeTarget "WithU" */ = {
			isa = XCConfigurationList;
			buildConfigurations = (
				1604E71A2C06704E009447FA /* Debug */,
				1604E71B2C06704E009447FA /* Release */,
			);
			defaultConfigurationIsVisible = 0;
			defaultConfigurationName = Release;
		};
/* End XCConfigurationList section */
	};
	rootObject = 1604E7032C06704D009447FA /* Project object */;
}
